
Microsoft Visual Studio Solution File, Format Version 12.00
# Visual Studio Version 17
VisualStudioVersion = 17.2.32630.192
MinimumVisualStudioVersion = 10.0.40219.1
Project("{FAE04EC0-301F-11D3-BF4B-00C04F79EFBC}") = "PañaleraGenesis", "PañaleraGenesis\PañaleraGenesis.csproj", "{5A34968D-C73C-4794-AE20-30906636DF73}"
EndProject
Global
	GlobalSection(SolutionConfigurationPlatforms) = preSolution
		Debug|Any CPU = Debug|Any CPU
		Release|Any CPU = Release|Any CPU
	EndGlobalSection
	GlobalSection(ProjectConfigurationPlatforms) = postSolution
		{5A34968D-C73C-4794-AE20-30906636DF73}.Debug|Any CPU.ActiveCfg = Debug|Any CPU
		{5A34968D-C73C-4794-AE20-30906636DF73}.Debug|Any CPU.Build.0 = Debug|Any CPU
		{5A34968D-C73C-4794-AE20-30906636DF73}.Release|Any CPU.ActiveCfg = Release|Any CPU
		{5A34968D-C73C-4794-AE20-30906636DF73}.Release|Any CPU.Build.0 = Release|Any CPU
	EndGlobalSection
	GlobalSection(SolutionProperties) = preSolution
		HideSolutionNode = FALSE
	EndGlobalSection
	GlobalSection(ExtensibilityGlobals) = postSolution
		SolutionGuid = {8C4BCF7B-E04A-4BBE-8356-A0CF190DB736}
	EndGlobalSection
EndGlobal
